
Microsoft Visual Studio Solution File, Format Version 12.00
# Visual Studio Version 17
VisualStudioVersion = 17.9.34607.119
MinimumVisualStudioVersion = 10.0.40219.1
Project("{888888A0-9F3D-457C-B088-3A5042F75D52}") = "CS490 Tutorial #3", "CS490 Tutorial #3\CS490 Tutorial #3.pyproj", "{885828F5-AEB2-483E-A969-0572496FE2CC}"
EndProject
Global
	GlobalSection(SolutionConfigurationPlatforms) = preSolution
		Debug|Any CPU = Debug|Any CPU
		Release|Any CPU = Release|Any CPU
	EndGlobalSection
	GlobalSection(ProjectConfigurationPlatforms) = postSolution
		{885828F5-AEB2-483E-A969-0572496FE2CC}.Debug|Any CPU.ActiveCfg = Debug|Any CPU
		{885828F5-AEB2-483E-A969-0572496FE2CC}.Release|Any CPU.ActiveCfg = Release|Any CPU
	EndGlobalSection
	GlobalSection(SolutionProperties) = preSolution
		HideSolutionNode = FALSE
	EndGlobalSection
	GlobalSection(ExtensibilityGlobals) = postSolution
		SolutionGuid = {75D1AD91-138F-4AA7-83D0-BAF40AD855DA}
	EndGlobalSection
EndGlobal
